
Microsoft Visual Studio Solution File, Format Version 12.00
# Visual Studio Version 16
VisualStudioVersion = 16.0.30114.105
MinimumVisualStudioVersion = 10.0.40219.1
Project("{FAE04EC0-301F-11D3-BF4B-00C04F79EFBC}") = "NetFrameworkWebAPI", "NetFrameworkWebAPI.csproj", "{E8792390-A60E-4A75-83CC-CF1A6AAADCBA}"
EndProject
Project("{FAE04EC0-301F-11D3-BF4B-00C04F79EFBC}") = "EmployeeDataAccess", "EmployeeDataAccess\EmployeeDataAccess.csproj", "{56D557EC-8D21-46CE-B6F7-9BC118822048}"
EndProject
Global
	GlobalSection(SolutionConfigurationPlatforms) = preSolution
		Debug|Any CPU = Debug|Any CPU
		Release|Any CPU = Release|Any CPU
	EndGlobalSection
	GlobalSection(ProjectConfigurationPlatforms) = postSolution
		{E8792390-A60E-4A75-83CC-CF1A6AAADCBA}.Debug|Any CPU.ActiveCfg = Debug|Any CPU
		{E8792390-A60E-4A75-83CC-CF1A6AAADCBA}.Debug|Any CPU.Build.0 = Debug|Any CPU
		{E8792390-A60E-4A75-83CC-CF1A6AAADCBA}.Release|Any CPU.ActiveCfg = Release|Any CPU
		{E8792390-A60E-4A75-83CC-CF1A6AAADCBA}.Release|Any CPU.Build.0 = Release|Any CPU
		{56D557EC-8D21-46CE-B6F7-9BC118822048}.Debug|Any CPU.ActiveCfg = Debug|Any CPU
		{56D557EC-8D21-46CE-B6F7-9BC118822048}.Debug|Any CPU.Build.0 = Debug|Any CPU
		{56D557EC-8D21-46CE-B6F7-9BC118822048}.Release|Any CPU.ActiveCfg = Release|Any CPU
		{56D557EC-8D21-46CE-B6F7-9BC118822048}.Release|Any CPU.Build.0 = Release|Any CPU
	EndGlobalSection
	GlobalSection(SolutionProperties) = preSolution
		HideSolutionNode = FALSE
	EndGlobalSection
	GlobalSection(ExtensibilityGlobals) = postSolution
		SolutionGuid = {8C3BBBAF-FB08-43C4-9FA2-C771256F3F69}
	EndGlobalSection
EndGlobal
